
Microsoft Visual Studio Solution File, Format Version 12.00
# Visual Studio Version 17
VisualStudioVersion = 17.0.31903.59
MinimumVisualStudioVersion = 10.0.40219.1
Project("{2150E333-8FDC-42A3-9474-1A3956D46DE8}") = "Core", "Core", "{719D897F-81D6-4185-B650-4A0F12B927A7}"
EndProject
Project("{2150E333-8FDC-42A3-9474-1A3956D46DE8}") = "UI", "UI", "{B93E14CC-2F85-41E0-A29E-7BE683E17E02}"
EndProject
Project("{FAE04EC0-301F-11D3-BF4B-00C04F79EFBC}") = "Evenda.UI", "Evenda.UI\Evenda.UI.csproj", "{F6473EE5-149B-4119-8181-2FA36C941984}"
EndProject
Project("{FAE04EC0-301F-11D3-BF4B-00C04F79EFBC}") = "Evenda.API", "Evenda.API\Evenda.API.csproj", "{01739043-AE29-45AF-B06E-9C9D6A2E93BB}"
EndProject
Project("{2150E333-8FDC-42A3-9474-1A3956D46DE8}") = "App", "App", "{B107B76C-9327-40C7-A114-8791375E5EB0}"
EndProject
Project("{2150E333-8FDC-42A3-9474-1A3956D46DE8}") = "Persistence", "Persistence", "{706E8174-3EE2-4304-AD1C-54FAF053FD33}"
EndProject
Project("{2150E333-8FDC-42A3-9474-1A3956D46DE8}") = "Domain", "Domain", "{58BC0F88-098D-40FF-8C33-BA72A36CFA1C}"
EndProject
Project("{FAE04EC0-301F-11D3-BF4B-00C04F79EFBC}") = "Evenda.App", "Evenda.App\Evenda.App.csproj", "{4BF76F15-EB1C-4D2C-B4FE-2F0D46ED7898}"
EndProject
Project("{FAE04EC0-301F-11D3-BF4B-00C04F79EFBC}") = "Evenda.Domain", "Evenda.Domain\Evenda.Domain.csproj", "{B282E950-AC72-4617-9B1E-FE35B15965FA}"
EndProject
Project("{FAE04EC0-301F-11D3-BF4B-00C04F79EFBC}") = "Evenda.Persistence", "Evenda.Persistence\Evenda.Persistence.csproj", "{2DA0B3E0-957C-4B83-940F-4D1C567903F1}"
EndProject
Project("{2150E333-8FDC-42A3-9474-1A3956D46DE8}") = "Infrastructure", "Infrastructure", "{59797C15-FD43-424A-B7D5-2608990E216B}"
EndProject
Project("{FAE04EC0-301F-11D3-BF4B-00C04F79EFBC}") = "Evenda.Infrastructure", "Evenda.Infrastructure\Evenda.Infrastructure.csproj", "{4DB28AA2-EEFA-4DB8-B3C1-D6EEB86D26D3}"
EndProject
Global
	GlobalSection(SolutionConfigurationPlatforms) = preSolution
		Debug|Any CPU = Debug|Any CPU
		Release|Any CPU = Release|Any CPU
	EndGlobalSection
	GlobalSection(ProjectConfigurationPlatforms) = postSolution
		{F6473EE5-149B-4119-8181-2FA36C941984}.Debug|Any CPU.ActiveCfg = Debug|Any CPU
		{F6473EE5-149B-4119-8181-2FA36C941984}.Debug|Any CPU.Build.0 = Debug|Any CPU
		{F6473EE5-149B-4119-8181-2FA36C941984}.Release|Any CPU.ActiveCfg = Release|Any CPU
		{F6473EE5-149B-4119-8181-2FA36C941984}.Release|Any CPU.Build.0 = Release|Any CPU
		{01739043-AE29-45AF-B06E-9C9D6A2E93BB}.Debug|Any CPU.ActiveCfg = Debug|Any CPU
		{01739043-AE29-45AF-B06E-9C9D6A2E93BB}.Debug|Any CPU.Build.0 = Debug|Any CPU
		{01739043-AE29-45AF-B06E-9C9D6A2E93BB}.Release|Any CPU.ActiveCfg = Release|Any CPU
		{01739043-AE29-45AF-B06E-9C9D6A2E93BB}.Release|Any CPU.Build.0 = Release|Any CPU
		{4BF76F15-EB1C-4D2C-B4FE-2F0D46ED7898}.Debug|Any CPU.ActiveCfg = Debug|Any CPU
		{4BF76F15-EB1C-4D2C-B4FE-2F0D46ED7898}.Debug|Any CPU.Build.0 = Debug|Any CPU
		{4BF76F15-EB1C-4D2C-B4FE-2F0D46ED7898}.Release|Any CPU.ActiveCfg = Release|Any CPU
		{4BF76F15-EB1C-4D2C-B4FE-2F0D46ED7898}.Release|Any CPU.Build.0 = Release|Any CPU
		{B282E950-AC72-4617-9B1E-FE35B15965FA}.Debug|Any CPU.ActiveCfg = Debug|Any CPU
		{B282E950-AC72-4617-9B1E-FE35B15965FA}.Debug|Any CPU.Build.0 = Debug|Any CPU
		{B282E950-AC72-4617-9B1E-FE35B15965FA}.Release|Any CPU.ActiveCfg = Release|Any CPU
		{B282E950-AC72-4617-9B1E-FE35B15965FA}.Release|Any CPU.Build.0 = Release|Any CPU
		{2DA0B3E0-957C-4B83-940F-4D1C567903F1}.Debug|Any CPU.ActiveCfg = Debug|Any CPU
		{2DA0B3E0-957C-4B83-940F-4D1C567903F1}.Debug|Any CPU.Build.0 = Debug|Any CPU
		{2DA0B3E0-957C-4B83-940F-4D1C567903F1}.Release|Any CPU.ActiveCfg = Release|Any CPU
		{2DA0B3E0-957C-4B83-940F-4D1C567903F1}.Release|Any CPU.Build.0 = Release|Any CPU
		{4DB28AA2-EEFA-4DB8-B3C1-D6EEB86D26D3}.Debug|Any CPU.ActiveCfg = Debug|Any CPU
		{4DB28AA2-EEFA-4DB8-B3C1-D6EEB86D26D3}.Debug|Any CPU.Build.0 = Debug|Any CPU
		{4DB28AA2-EEFA-4DB8-B3C1-D6EEB86D26D3}.Release|Any CPU.ActiveCfg = Release|Any CPU
		{4DB28AA2-EEFA-4DB8-B3C1-D6EEB86D26D3}.Release|Any CPU.Build.0 = Release|Any CPU
	EndGlobalSection
	GlobalSection(SolutionProperties) = preSolution
		HideSolutionNode = FALSE
	EndGlobalSection
	GlobalSection(NestedProjects) = preSolution
		{F6473EE5-149B-4119-8181-2FA36C941984} = {B93E14CC-2F85-41E0-A29E-7BE683E17E02}
		{01739043-AE29-45AF-B06E-9C9D6A2E93BB} = {719D897F-81D6-4185-B650-4A0F12B927A7}
		{B107B76C-9327-40C7-A114-8791375E5EB0} = {719D897F-81D6-4185-B650-4A0F12B927A7}
		{706E8174-3EE2-4304-AD1C-54FAF053FD33} = {719D897F-81D6-4185-B650-4A0F12B927A7}
		{58BC0F88-098D-40FF-8C33-BA72A36CFA1C} = {719D897F-81D6-4185-B650-4A0F12B927A7}
		{4BF76F15-EB1C-4D2C-B4FE-2F0D46ED7898} = {B107B76C-9327-40C7-A114-8791375E5EB0}
		{B282E950-AC72-4617-9B1E-FE35B15965FA} = {58BC0F88-098D-40FF-8C33-BA72A36CFA1C}
		{2DA0B3E0-957C-4B83-940F-4D1C567903F1} = {706E8174-3EE2-4304-AD1C-54FAF053FD33}
		{59797C15-FD43-424A-B7D5-2608990E216B} = {719D897F-81D6-4185-B650-4A0F12B927A7}
		{4DB28AA2-EEFA-4DB8-B3C1-D6EEB86D26D3} = {59797C15-FD43-424A-B7D5-2608990E216B}
	EndGlobalSection
EndGlobal
